
Microsoft Visual Studio Solution File, Format Version 12.00
# Visual Studio Version 17
VisualStudioVersion = 17.5.33424.131
MinimumVisualStudioVersion = 10.0.40219.1
Project("{9A19103F-16F7-4668-BE54-9A1E7A4F7556}") = "01.Numbers", "01.Numbers\01.Numbers.csproj", "{C3BEEB4D-370E-4BCF-9517-BFE35054E8F2}"
EndProject
Project("{9A19103F-16F7-4668-BE54-9A1E7A4F7556}") = "02.AddingAndSubtractingSignedNumbers", "02.AddingAndSubtractingSignedNumbers\02.AddingAndSubtractingSignedNumbers.csproj", "{D590BDA4-BB1C-4142-97A4-1831CA9AA583}"
EndProject
Global
	GlobalSection(SolutionConfigurationPlatforms) = preSolution
		Debug|Any CPU = Debug|Any CPU
		Release|Any CPU = Release|Any CPU
	EndGlobalSection
	GlobalSection(ProjectConfigurationPlatforms) = postSolution
		{C3BEEB4D-370E-4BCF-9517-BFE35054E8F2}.Debug|Any CPU.ActiveCfg = Debug|Any CPU
		{C3BEEB4D-370E-4BCF-9517-BFE35054E8F2}.Debug|Any CPU.Build.0 = Debug|Any CPU
		{C3BEEB4D-370E-4BCF-9517-BFE35054E8F2}.Release|Any CPU.ActiveCfg = Release|Any CPU
		{C3BEEB4D-370E-4BCF-9517-BFE35054E8F2}.Release|Any CPU.Build.0 = Release|Any CPU
		{D590BDA4-BB1C-4142-97A4-1831CA9AA583}.Debug|Any CPU.ActiveCfg = Debug|Any CPU
		{D590BDA4-BB1C-4142-97A4-1831CA9AA583}.Debug|Any CPU.Build.0 = Debug|Any CPU
		{D590BDA4-BB1C-4142-97A4-1831CA9AA583}.Release|Any CPU.ActiveCfg = Release|Any CPU
		{D590BDA4-BB1C-4142-97A4-1831CA9AA583}.Release|Any CPU.Build.0 = Release|Any CPU
	EndGlobalSection
	GlobalSection(SolutionProperties) = preSolution
		HideSolutionNode = FALSE
	EndGlobalSection
	GlobalSection(ExtensibilityGlobals) = postSolution
		SolutionGuid = {9A9A79AA-0662-4315-98F1-C9203575BF47}
	EndGlobalSection
EndGlobal
